PODS:
  - Alamofire (4.7.0)
  - SDWebImage (4.3.3):
    - SDWebImage/Core (= 4.3.3)
  - SDWebImage/Core (4.3.3)
  - UIScrollView-InfiniteScroll (1.0.2)

DEPENDENCIES:
  - Alamofire
  - SDWebImage
  - UIScrollView-InfiniteScroll (~> 1.0.0)

SPEC CHECKSUMS:
  Alamofire: 907e0a98eb68cdb7f9d1f541a563d6ac5dc77b25
  SDWebImage: de4d90b5bff3571eae7bd16202b1f43135409fa5
  UIScrollView-InfiniteScroll: c132d6d5851daff229ab4a1060ccf70a05a051c9

PODFILE CHECKSUM: 9a94c8c596bc4d24e924d609aa6e2734d50a32bf

COCOAPODS: 1.4.0
